
Microsoft Visual Studio Solution File, Format Version 12.00
# Visual Studio Version 17
VisualStudioVersion = 17.0.32014.148
MinimumVisualStudioVersion = 10.0.40219.1
Project("{9A19103F-16F7-4668-BE54-9A1E7A4F7556}") = "Core", "Core\Core.csproj", "{AFCD5B40-687F-4BF0-A570-F6C4840FB4DB}"
EndProject
Project("{9A19103F-16F7-4668-BE54-9A1E7A4F7556}") = "Web", "Web\Web.csproj", "{B657CCED-5AD1-4D25-8BE4-8B88B7DF9C56}"
EndProject
Project("{FAE04EC0-301F-11D3-BF4B-00C04F79EFBC}") = "ConsoleInterface", "Console\ConsoleInterface.csproj", "{E0403159-5DAE-4FE9-B0F5-800CD71C615C}"
EndProject
Project("{FAE04EC0-301F-11D3-BF4B-00C04F79EFBC}") = "Api", "Api\Api.csproj", "{7651D095-7380-4CD2-81DE-B938AB196318}"
EndProject
Global
	GlobalSection(SolutionConfigurationPlatforms) = preSolution
		Debug|Any CPU = Debug|Any CPU
		Release|Any CPU = Release|Any CPU
	EndGlobalSection
	GlobalSection(ProjectConfigurationPlatforms) = postSolution
		{AFCD5B40-687F-4BF0-A570-F6C4840FB4DB}.Debug|Any CPU.ActiveCfg = Debug|Any CPU
		{AFCD5B40-687F-4BF0-A570-F6C4840FB4DB}.Debug|Any CPU.Build.0 = Debug|Any CPU
		{AFCD5B40-687F-4BF0-A570-F6C4840FB4DB}.Release|Any CPU.ActiveCfg = Release|Any CPU
		{AFCD5B40-687F-4BF0-A570-F6C4840FB4DB}.Release|Any CPU.Build.0 = Release|Any CPU
		{B657CCED-5AD1-4D25-8BE4-8B88B7DF9C56}.Debug|Any CPU.ActiveCfg = Debug|Any CPU
		{B657CCED-5AD1-4D25-8BE4-8B88B7DF9C56}.Debug|Any CPU.Build.0 = Debug|Any CPU
		{B657CCED-5AD1-4D25-8BE4-8B88B7DF9C56}.Release|Any CPU.ActiveCfg = Release|Any CPU
		{B657CCED-5AD1-4D25-8BE4-8B88B7DF9C56}.Release|Any CPU.Build.0 = Release|Any CPU
		{E0403159-5DAE-4FE9-B0F5-800CD71C615C}.Debug|Any CPU.ActiveCfg = Debug|Any CPU
		{E0403159-5DAE-4FE9-B0F5-800CD71C615C}.Debug|Any CPU.Build.0 = Debug|Any CPU
		{E0403159-5DAE-4FE9-B0F5-800CD71C615C}.Release|Any CPU.ActiveCfg = Release|Any CPU
		{E0403159-5DAE-4FE9-B0F5-800CD71C615C}.Release|Any CPU.Build.0 = Release|Any CPU
		{7651D095-7380-4CD2-81DE-B938AB196318}.Debug|Any CPU.ActiveCfg = Debug|Any CPU
		{7651D095-7380-4CD2-81DE-B938AB196318}.Debug|Any CPU.Build.0 = Debug|Any CPU
		{7651D095-7380-4CD2-81DE-B938AB196318}.Release|Any CPU.ActiveCfg = Release|Any CPU
		{7651D095-7380-4CD2-81DE-B938AB196318}.Release|Any CPU.Build.0 = Release|Any CPU
	EndGlobalSection
	GlobalSection(SolutionProperties) = preSolution
		HideSolutionNode = FALSE
	EndGlobalSection
	GlobalSection(ExtensibilityGlobals) = postSolution
		SolutionGuid = {58B2852A-94D9-42E9-9945-61C3A299B2E9}
	EndGlobalSection
EndGlobal
